// !$*UTF8*$!
{
	archiveVersion = 1;
	classes = {
	};
	objectVersion = 46;
	objects = {

/* Begin PBXBuildFile section */
		C5025AC61EE7D6D200E25AF9 /* AppDelegate.swift in Sources */ = {isa = PBXBuildFile; fileRef = C5025AC51EE7D6D200E25AF9 /* AppDelegate.swift */; };
		C5025AC81EE7D6D200E25AF9 /* ViewController.swift in Sources */ = {isa = PBXBuildFile; fileRef = C5025AC71EE7D6D200E25AF9 /* ViewController.swift */; };
		C5025ACB1EE7D6D200E25AF9 /* Main.storyboard in Resources */ = {isa = PBXBuildFile; fileRef = C5025AC91EE7D6D200E25AF9 /* Main.storyboard */; };
		C5025ACD1EE7D6D200E25AF9 /* Assets.xcassets in Resources */ = {isa = PBXBuildFile; fileRef = C5025ACC1EE7D6D200E25AF9 /* Assets.xcassets */; };
		C5025AD01EE7D6D200E25AF9 /* LaunchScreen.storyboard in Resources */ = {isa = PBXBuildFile; fileRef = C5025ACE1EE7D6D200E25AF9 /* LaunchScreen.storyboard */; };
		C5025AD81EE7D78C00E25AF9 /* black.png in Resources */ = {isa = PBXBuildFile; fileRef = C5025AD71EE7D78C00E25AF9 /* black.png */; };
		C5D4093A1EEA142F002A094F /* button_calculate.png in Resources */ = {isa = PBXBuildFile; fileRef = C5D409391EEA142F002A094F /* button_calculate.png */; };
/* End PBXBuildFile section */

/* Begin PBXFileReference section */
		C5025AC21EE7D6D100E25AF9 /* MambaTrader.app */ = {isa = PBXFileReference; explicitFileType = wrapper.application; includeInIndex = 0; path = MambaTrader.app; sourceTree = BUILT_PRODUCTS_DIR; };
		C5025AC51EE7D6D200E25AF9 /* AppDelegate.swift */ = {isa = PBXFileReference; lastKnownFileType = sourcecode.swift; path = AppDelegate.swift; sourceTree = "<group>"; };
		C5025AC71EE7D6D200E25AF9 /* ViewController.swift */ = {isa = PBXFileReference; lastKnownFileType = sourcecode.swift; path = ViewController.swift; sourceTree = "<group>"; };
		C5025ACA1EE7D6D200E25AF9 /* Base */ = {isa = PBXFileReference; lastKnownFileType = file.storyboard; name = Base; path = Base.lproj/Main.storyboard; sourceTree = "<group>"; };
		C5025ACC1EE7D6D200E25AF9 /* Assets.xcassets */ = {isa = PBXFileReference; lastKnownFileType = folder.assetcatalog; path = Assets.xcassets; sourceTree = "<group>"; };
		C5025ACF1EE7D6D200E25AF9 /* Base */ = {isa = PBXFileReference; lastKnownFileType = file.storyboard; name = Base; path = Base.lproj/LaunchScreen.storyboard; sourceTree = "<group>"; };
		C5025AD11EE7D6D200E25AF9 /* Info.plist */ = {isa = PBXFileReference; lastKnownFileType = text.plist.xml; path = Info.plist; sourceTree = "<group>"; };
		C5025AD71EE7D78C00E25AF9 /* black.png */ = {isa = PBXFileReference; lastKnownFileType = image.png; path = black.png; sourceTree = "<group>"; };
		C5D409391EEA142F002A094F /* button_calculate.png */ = {isa = PBXFileReference; lastKnownFileType = image.png; path = button_calculate.png; sourceTree = "<group>"; };
/* End PBXFileReference section */

/* Begin PBXFrameworksBuildPhase section */
		C5025ABF1EE7D6D100E25AF9 /* Frameworks */ = {
			isa = PBXFrameworksBuildPhase;
			buildActionMask = 2147483647;
			files = (
			);
			runOnlyForDeploymentPostprocessing = 0;
		};
/* End PBXFrameworksBuildPhase section */

/* Begin PBXGroup section */
		C5025AB91EE7D6D100E25AF9 = {
			isa = PBXGroup;
			children = (
				C5025AC41EE7D6D100E25AF9 /* MambaTrader */,
				C5025AC31EE7D6D100E25AF9 /* Products */,
			);
			sourceTree = "<group>";
		};
		C5025AC31EE7D6D100E25AF9 /* Products */ = {
			isa = PBXGroup;
			children = (
				C5025AC21EE7D6D100E25AF9 /* MambaTrader.app */,
			);
			name = Products;
			sourceTree = "<group>";
		};
		C5025AC41EE7D6D100E25AF9 /* MambaTrader */ = {
			isa = PBXGroup;
			children = (
				C5025AC51EE7D6D200E25AF9 /* AppDelegate.swift */,
				C5025AC71EE7D6D200E25AF9 /* ViewController.swift */,
				C5025AC91EE7D6D200E25AF9 /* Main.storyboard */,
				C5025ACC1EE7D6D200E25AF9 /* Assets.xcassets */,
				C5025ACE1EE7D6D200E25AF9 /* LaunchScreen.storyboard */,
				C5025AD11EE7D6D200E25AF9 /* Info.plist */,
				C5025AD71EE7D78C00E25AF9 /* black.png */,
				C5D409391EEA142F002A094F /* button_calculate.png */,
			);
			path = MambaTrader;
			sourceTree = "<group>";
		};
/* End PBXGroup section */

/* Begin PBXNativeTarget section */
		C5025AC11EE7D6D100E25AF9 /* MambaTrader */ = {
			isa = PBXNativeTarget;
			buildConfigurationList = C5025AD41EE7D6D200E25AF9 /* Build configuration list for PBXNativeTarget "MambaTrader" */;
			buildPhases = (
				C5025ABE1EE7D6D100E25AF9 /* Sources */,
				C5025ABF1EE7D6D100E25AF9 /* Frameworks */,
				C5025AC01EE7D6D100E25AF9 /* Resources */,
			);
			buildRules = (
			);
			dependencies = (
			);
			name = MambaTrader;
			productName = MambaTrader;
			productReference = C5025AC21EE7D6D100E25AF9 /* MambaTrader.app */;
			productType = "com.apple.product-type.application";
		};
/* End PBXNativeTarget section */

/* Begin PBXProject section */
		C5025ABA1EE7D6D100E25AF9 /* Project object */ = {
			isa = PBXProject;
			attributes = {
				LastSwiftUpdateCheck = 0830;
				LastUpgradeCheck = 0830;
				ORGANIZATIONNAME = TeamDecano;
				TargetAttributes = {
					C5025AC11EE7D6D100E25AF9 = {
						CreatedOnToolsVersion = 8.3.2;
						DevelopmentTeam = K95C2H9L7M;
						ProvisioningStyle = Automatic;
					};
				};
			};
			buildConfigurationList = C5025ABD1EE7D6D100E25AF9 /* Build configuration list for PBXProject "MambaTrader" */;
			compatibilityVersion = "Xcode 3.2";
			developmentRegion = English;
			hasScannedForEncodings = 0;
			knownRegions = (
				en,
				Base,
			);
			mainGroup = C5025AB91EE7D6D100E25AF9;
			productRefGroup = C5025AC31EE7D6D100E25AF9 /* Products */;
			projectDirPath = "";
			projectRoot = "";
			targets = (
				C5025AC11EE7D6D100E25AF9 /* MambaTrader */,
			);
		};
/* End PBXProject section */

/* Begin PBXResourcesBuildPhase section */
		C5025AC01EE7D6D100E25AF9 /* Resources */ = {
			isa = PBXResourcesBuildPhase;
			buildActionMask = 2147483647;
			files = (
				C5025AD01EE7D6D200E25AF9 /* LaunchScreen.storyboard in Resources */,
				C5025AD81EE7D78C00E25AF9 /* black.png in Resources */,
				C5D4093A1EEA142F002A094F /* button_calculate.png in Resources */,
				C5025ACD1EE7D6D200E25AF9 /* Assets.xcassets in Resources */,
				C5025ACB1EE7D6D200E25AF9 /* Main.storyboard in Resources */,
			);
			runOnlyForDeploymentPostprocessing = 0;
		};
/* End PBXResourcesBuildPhase section */

/* Begin PBXSourcesBuildPhase section */
		C5025ABE1EE7D6D100E25AF9 /* Sources */ = {
			isa = PBXSourcesBuildPhase;
			buildActionMask = 2147483647;
			files = (
				C5025AC81EE7D6D200E25AF9 /* ViewController.swift in Sources */,
				C5025AC61EE7D6D200E25AF9 /* AppDelegate.swift in Sources */,
			);
			runOnlyForDeploymentPostprocessing = 0;
		};
/* End PBXSourcesBuildPhase section */

/* Begin PBXVariantGroup section */
		C5025AC91EE7D6D200E25AF9 /* Main.storyboard */ = {
			isa = PBXVariantGroup;
			children = (
				C5025ACA1EE7D6D200E25AF9 /* Base */,
			);
			name = Main.storyboard;
			sourceTree = "<group>";
		};
		C5025ACE1EE7D6D200E25AF9 /* LaunchScreen.storyboard */ = {
			isa = PBXVariantGroup;
			children = (
				C5025ACF1EE7D6D200E25AF9 /* Base */,
			);
			name = LaunchScreen.storyboard;
			sourceTree = "<group>";
		};
/* End PBXVariantGroup section */

/* Begin XCBuildConfiguration section */
		C5025AD21EE7D6D200E25AF9 /* Debug */ = {
			isa = XCBuildConfiguration;
			buildSettings = {
				ALWAYS_SEARCH_USER_PATHS = NO;
				CLANG_ANALYZER_NONNULL = YES;
				CLANG_ANALYZER_NUMBER_OBJECT_CONVERSION = YES_AGGRESSIVE;
				CLANG_CXX_LANGUAGE_STANDARD = "gnu++0x";
				CLANG_CXX_LIBRARY = "libc++";
				CLANG_ENABLE_MODULES = YES;
				CLANG_ENABLE_OBJC_ARC = YES;
				CLANG_WARN_BOOL_CONVERSION = YES;
				CLANG_WARN_CONSTANT_CONVERSION = YES;
				CLANG_WARN_DIRECT_OBJC_ISA_USAGE = YES_ERROR;
				CLANG_WARN_DOCUMENTATION_COMMENTS = YES;
				CLANG_WARN_EMPTY_BODY = YES;
				CLANG_WARN_ENUM_CONVERSION = YES;
				CLANG_WARN_INFINITE_RECURSION = YES;
				CLANG_WARN_INT_CONVERSION = YES;
				CLANG_WARN_OBJC_ROOT_CLASS = YES_ERROR;
				CLANG_WARN_SUSPICIOUS_MOVE = YES;
				CLANG_WARN_UNREACHABLE_CODE = YES;
				CLANG_WARN__DUPLICATE_METHOD_MATCH = YES;
				"CODE_SIGN_IDENTITY[sdk=iphoneos*]" = "iPhone Developer";
				COPY_PHASE_STRIP = NO;
				DEBUG_INFORMATION_FORMAT = dwarf;
				ENABLE_STRICT_OBJC_MSGSEND = YES;
				ENABLE_TESTABILITY = YES;
				GCC_C_LANGUAGE_STANDARD = gnu99;
				GCC_DYNAMIC_NO_PIC = NO;
				GCC_NO_COMMON_BLOCKS = YES;
				GCC_OPTIMIZATION_LEVEL = 0;
				GCC_PREPROCESSOR_DEFINITIONS = (
					"DEBUG=1",
					"$(inherited)",
				);
				GCC_WARN_64_TO_32_BIT_CONVERSION = YES;
				GCC_WARN_ABOUT_RETURN_TYPE = YES_ERROR;
				GCC_WARN_UNDECLARED_SELECTOR = YES;
				GCC_WARN_UNINITIALIZED_AUTOS = YES_AGGRESSIVE;
				GCC_WARN_UNUSED_FUNCTION = YES;
				GCC_WARN_UNUSED_VARIABLE = YES;
				IPHONEOS_DEPLOYMENT_TARGET = 10.3;
				MTL_ENABLE_DEBUG_INFO = YES;
				ONLY_ACTIVE_ARCH = YES;
				SDKROOT = iphoneos;
				SWIFT_ACTIVE_COMPILATION_CONDITIONS = DEBUG;
				SWIFT_OPTIMIZATION_LEVEL = "-Onone";
			};
			name = Debug;
		};
		C5025AD31EE7D6D200E25AF9 /* Release */ = {
			isa = XCBuildConfiguration;
			buildSettings = {
				ALWAYS_SEARCH_USER_PATHS = NO;
				CLANG_ANALYZER_NONNULL = YES;
				CLANG_ANALYZER_NUMBER_OBJECT_CONVERSION = YES_AGGRESSIVE;
				CLANG_CXX_LANGUAGE_STANDARD = "gnu++0x";
				CLANG_CXX_LIBRARY = "libc++";
				CLANG_ENABLE_MODULES = YES;
				CLANG_ENABLE_OBJC_ARC = YES;
				CLANG_WARN_BOOL_CONVERSION = YES;
				CLANG_WARN_CONSTANT_CONVERSION = YES;
				CLANG_WARN_DIRECT_OBJC_ISA_USAGE = YES_ERROR;
				CLANG_WARN_DOCUMENTATION_COMMENTS = YES;
				CLANG_WARN_EMPTY_BODY = YES;
				CLANG_WARN_ENUM_CONVERSION = YES;
				CLANG_WARN_INFINITE_RECURSION = YES;
				CLANG_WARN_INT_CONVERSION = YES;
				CLANG_WARN_OBJC_ROOT_CLASS = YES_ERROR;
				CLANG_WARN_SUSPICIOUS_MOVE = YES;
				CLANG_WARN_UNREACHABLE_CODE = YES;
				CLANG_WARN__DUPLICATE_METHOD_MATCH = YES;
				"CODE_SIGN_IDENTITY[sdk=iphoneos*]" = "iPhone Developer";
				COPY_PHASE_STRIP = NO;
				DEBUG_INFORMATION_FORMAT = "dwarf-with-dsym";
				ENABLE_NS_ASSERTIONS = NO;
				ENABLE_STRICT_OBJC_MSGSEND = YES;
				GCC_C_LANGUAGE_STANDARD = gnu99;
				GCC_NO_COMMON_BLOCKS = YES;
				GCC_WARN_64_TO_32_BIT_CONVERSION = YES;
				GCC_WARN_ABOUT_RETURN_TYPE = YES_ERROR;
				GCC_WARN_UNDECLARED_SELECTOR = YES;
				GCC_WARN_UNINITIALIZED_AUTOS = YES_AGGRESSIVE;
				GCC_WARN_UNUSED_FUNCTION = YES;
				GCC_WARN_UNUSED_VARIABLE = YES;
				IPHONEOS_DEPLOYMENT_TARGET = 10.3;
				MTL_ENABLE_DEBUG_INFO = NO;
				SDKROOT = iphoneos;
				SWIFT_OPTIMIZATION_LEVEL = "-Owholemodule";
				VALIDATE_PRODUCT = YES;
			};
			name = Release;
		};
		C5025AD51EE7D6D200E25AF9 /* Debug */ = {
			isa = XCBuildConfiguration;
			buildSettings = {
				ASSETCATALOG_COMPILER_APPICON_NAME = AppIcon;
				ASSETCATALOG_COMPILER_LAUNCHIMAGE_NAME = LaunchImage;
				DEVELOPMENT_TEAM = K95C2H9L7M;
				INFOPLIST_FILE = MambaTrader/Info.plist;
				LD_RUNPATH_SEARCH_PATHS = "$(inherited) @executable_path/Frameworks";
				PRODUCT_BUNDLE_IDENTIFIER = com.teamdecano.MambaTrader;
				PRODUCT_NAME = "$(TARGET_NAME)";
				SWIFT_VERSION = 3.0;
			};
			name = Debug;
		};
		C5025AD61EE7D6D200E25AF9 /* Release */ = {
			isa = XCBuildConfiguration;
			buildSettings = {
				ASSETCATALOG_COMPILER_APPICON_NAME = AppIcon;
				ASSETCATALOG_COMPILER_LAUNCHIMAGE_NAME = LaunchImage;
				DEVELOPMENT_TEAM = K95C2H9L7M;
				INFOPLIST_FILE = MambaTrader/Info.plist;
				LD_RUNPATH_SEARCH_PATHS = "$(inherited) @executable_path/Frameworks";
				PRODUCT_BUNDLE_IDENTIFIER = com.teamdecano.MambaTrader;
				PRODUCT_NAME = "$(TARGET_NAME)";
				SWIFT_VERSION = 3.0;
			};
			name = Release;
		};
/* End XCBuildConfiguration section */

/* Begin XCConfigurationList section */
		C5025ABD1EE7D6D100E25AF9 /* Build configuration list for PBXProject "MambaTrader" */ = {
			isa = XCConfigurationList;
			buildConfigurations = (
				C5025AD21EE7D6D200E25AF9 /* Debug */,
				C5025AD31EE7D6D200E25AF9 /* Release */,
			);
			defaultConfigurationIsVisible = 0;
			defaultConfigurationName = Release;
		};
		C5025AD41EE7D6D200E25AF9 /* Build configuration list for PBXNativeTarget "MambaTrader" */ = {
			isa = XCConfigurationList;
			buildConfigurations = (
				C5025AD51EE7D6D200E25AF9 /* Debug */,
				C5025AD61EE7D6D200E25AF9 /* Release */,
			);
			defaultConfigurationIsVisible = 0;
			defaultConfigurationName = Release;
		};
/* End XCConfigurationList section */
	};
	rootObject = C5025ABA1EE7D6D100E25AF9 /* Project object */;
}
